
Microsoft Visual Studio Solution File, Format Version 12.00
# Visual Studio 2013
VisualStudioVersion = 12.0.21005.1
MinimumVisualStudioVersion = 10.0.40219.1
Project("{8BC9CEB8-8B4A-11D0-8D11-00A0C91BC942}") = "11.17（通讯录）", "11.17（通讯录）\11.17（通讯录）.vcxproj", "{26DEF6B3-037B-4A96-88D6-71CE1C3A8144}"
EndProject
Global
	GlobalSection(SolutionConfigurationPlatforms) = preSolution
		Debug|Win32 = Debug|Win32
		Release|Win32 = Release|Win32
	EndGlobalSection
	GlobalSection(ProjectConfigurationPlatforms) = postSolution
		{26DEF6B3-037B-4A96-88D6-71CE1C3A8144}.Debug|Win32.ActiveCfg = Debug|Win32
		{26DEF6B3-037B-4A96-88D6-71CE1C3A8144}.Debug|Win32.Build.0 = Debug|Win32
		{26DEF6B3-037B-4A96-88D6-71CE1C3A8144}.Release|Win32.ActiveCfg = Release|Win32
		{26DEF6B3-037B-4A96-88D6-71CE1C3A8144}.Release|Win32.Build.0 = Release|Win32
	EndGlobalSection
	GlobalSection(SolutionProperties) = preSolution
		HideSolutionNode = FALSE
	EndGlobalSection
EndGlobal
